# THIS IS AN AUTOGENERATED FILE. DO NOT EDIT THIS FILE DIRECTLY.
# yarn lockfile v1


"@babel/runtime@^7.9.2":
  version "7.20.6"
  resolved "https://registry.yarnpkg.com/@babel/runtime/-/runtime-7.20.6.tgz#facf4879bfed9b5326326273a64220f099b0fce3"
  integrity sha512-Q+8MqP7TiHMWzSfwiJwXCjyf4GYA4Dgw3emg/7xmwsdLJOZUp+nMqcOwOzzYheuM1rhDu8FSj2l0aoMygEuXuA==
  dependencies:
    regenerator-runtime "^0.13.11"

"@remix-run/router@1.0.3":
  version "1.0.3"
  resolved "https://registry.yarnpkg.com/@remix-run/router/-/router-1.0.3.tgz#953b88c20ea00d0eddaffdc1b115c08474aa295d"
  integrity sha512-ceuyTSs7PZ/tQqi19YZNBc5X7kj1f8p+4DIyrcIYFY9h+hd1OKm4RqtiWldR9eGEvIiJfsqwM4BsuCtRIuEw6Q==

"@types/redux-logger@^3.0.9":
  version "3.0.9"
  resolved "https://registry.yarnpkg.com/@types/redux-logger/-/redux-logger-3.0.9.tgz#9193b3d51bb6ab98d25514ba7764e4f98a64d3ec"
  integrity sha512-cwYhVbYNgH01aepeMwhd0ABX6fhVB2rcQ9m80u8Fl50ZODhsZ8RhQArnLTkE7/Zrfq4Sz/taNoF7DQy9pCZSKg==
  dependencies:
    redux "^4.0.0"

deep-diff@^0.3.5:
  version "0.3.8"
  resolved "https://registry.yarnpkg.com/deep-diff/-/deep-diff-0.3.8.tgz#c01de63efb0eec9798801d40c7e0dae25b582c84"
  integrity sha512-yVn6RZmHiGnxRKR9sJb3iVV2XTF1Ghh2DiWRZ3dMnGc43yUdWWF/kX6lQyk3+P84iprfWKU/8zFTrlkvtFm1ug==

react-router-dom@^6.4.3:
  version "6.4.3"
  resolved "https://registry.yarnpkg.com/react-router-dom/-/react-router-dom-6.4.3.tgz#70093b5f65f85f1df9e5d4182eb7ff3a08299275"
  integrity sha512-MiaYQU8CwVCaOfJdYvt84KQNjT78VF0TJrA17SIQgNHRvLnXDJO6qsFqq8F/zzB1BWZjCFIrQpu4QxcshitziQ==
  dependencies:
    "@remix-run/router" "1.0.3"
    react-router "6.4.3"

react-router@6.4.3:
  version "6.4.3"
  resolved "https://registry.yarnpkg.com/react-router/-/react-router-6.4.3.tgz#9ed3ee4d6e95889e9b075a5d63e29acc7def0d49"
  integrity sha512-BT6DoGn6aV1FVP5yfODMOiieakp3z46P1Fk0RNzJMACzE7C339sFuHebfvWtnB4pzBvXXkHP2vscJzWRuUjTtA==
  dependencies:
    "@remix-run/router" "1.0.3"

redux-logger@^3.0.6:
  version "3.0.6"
  resolved "https://registry.yarnpkg.com/redux-logger/-/redux-logger-3.0.6.tgz#f7555966f3098f3c88604c449cf0baf5778274bf"
  integrity sha512-JoCIok7bg/XpqA1JqCqXFypuqBbQzGQySrhFzewB7ThcnysTO30l4VCst86AuB9T9tuT03MAA56Jw2PNhRSNCg==
  dependencies:
    deep-diff "^0.3.5"

redux@^4.0.0:
  version "4.2.0"
  resolved "https://registry.yarnpkg.com/redux/-/redux-4.2.0.tgz#46f10d6e29b6666df758780437651eeb2b969f13"
  integrity sha512-oSBmcKKIuIR4ME29/AeNUnl5L+hvBq7OaJWzaptTQJAntaPvxIJqfnjbaEiCzzaIz+XmVILfqAM3Ob0aXLPfjA==
  dependencies:
    "@babel/runtime" "^7.9.2"

regenerator-runtime@^0.13.11:
  version "0.13.11"
  resolved "https://registry.yarnpkg.com/regenerator-runtime/-/regenerator-runtime-0.13.11.tgz#f6dca3e7ceec20590d07ada785636a90cdca17f9"
  integrity sha512-kY1AZVr2Ra+t+piVaJ4gxaFaReZVH40AKNo7UCX6W+dEwBo/2oZJzqfuN1qLq1oL45o56cPaTXELwrTh8Fpggg==
